
Microsoft Visual Studio Solution File, Format Version 12.00
# Visual Studio 15
VisualStudioVersion = 15.0.28010.0
MinimumVisualStudioVersion = 10.0.40219.1
Project("{FAE04EC0-301F-11D3-BF4B-00C04F79EFBC}") = "Safeauto.txt organizer", "Safeauto.txt organizer\Safeauto.txt organizer.csproj", "{8A1E83E4-A332-4AA9-9823-F0A7015A56A5}"
EndProject
Global
	GlobalSection(SolutionConfigurationPlatforms) = preSolution
		Debug|Any CPU = Debug|Any CPU
		Release|Any CPU = Release|Any CPU
	EndGlobalSection
	GlobalSection(ProjectConfigurationPlatforms) = postSolution
		{8A1E83E4-A332-4AA9-9823-F0A7015A56A5}.Debug|Any CPU.ActiveCfg = Debug|Any CPU
		{8A1E83E4-A332-4AA9-9823-F0A7015A56A5}.Debug|Any CPU.Build.0 = Debug|Any CPU
		{8A1E83E4-A332-4AA9-9823-F0A7015A56A5}.Release|Any CPU.ActiveCfg = Release|Any CPU
		{8A1E83E4-A332-4AA9-9823-F0A7015A56A5}.Release|Any CPU.Build.0 = Release|Any CPU
	EndGlobalSection
	GlobalSection(SolutionProperties) = preSolution
		HideSolutionNode = FALSE
	EndGlobalSection
	GlobalSection(ExtensibilityGlobals) = postSolution
		SolutionGuid = {C54EF49A-77AC-437E-BC03-09DC271DE4A9}
	EndGlobalSection
EndGlobal
